
Microsoft Visual Studio Solution File, Format Version 12.00
# Visual Studio Version 17
VisualStudioVersion = 17.14.36518.9 d17.14
MinimumVisualStudioVersion = 10.0.40219.1
Project("{FAE04EC0-301F-11D3-BF4B-00C04F79EFBC}") = "crittografia", "crittografia\crittografia.csproj", "{6B3B8BAE-6ED8-4354-BB73-EC3B281CA36D}"
EndProject
Global
	GlobalSection(SolutionConfigurationPlatforms) = preSolution
		Debug|Any CPU = Debug|Any CPU
		Release|Any CPU = Release|Any CPU
	EndGlobalSection
	GlobalSection(ProjectConfigurationPlatforms) = postSolution
		{6B3B8BAE-6ED8-4354-BB73-EC3B281CA36D}.Debug|Any CPU.ActiveCfg = Debug|Any CPU
		{6B3B8BAE-6ED8-4354-BB73-EC3B281CA36D}.Debug|Any CPU.Build.0 = Debug|Any CPU
		{6B3B8BAE-6ED8-4354-BB73-EC3B281CA36D}.Release|Any CPU.ActiveCfg = Release|Any CPU
		{6B3B8BAE-6ED8-4354-BB73-EC3B281CA36D}.Release|Any CPU.Build.0 = Release|Any CPU
	EndGlobalSection
	GlobalSection(SolutionProperties) = preSolution
		HideSolutionNode = FALSE
	EndGlobalSection
	GlobalSection(ExtensibilityGlobals) = postSolution
		SolutionGuid = {84CCC998-A009-4B2D-881F-12C702CDF757}
	EndGlobalSection
EndGlobal
